
Microsoft Visual Studio Solution File, Format Version 12.00
# Visual Studio Version 16
VisualStudioVersion = 16.0.31702.278
MinimumVisualStudioVersion = 10.0.40219.1
Project("{FAE04EC0-301F-11D3-BF4B-00C04F79EFBC}") = "ConsoleApp2", "ConsoleApp2\ConsoleApp2.csproj", "{B70AD9A1-004E-43E4-9AA1-E8206305F47F}"
EndProject
Global
	GlobalSection(SolutionConfigurationPlatforms) = preSolution
		Debug|Any CPU = Debug|Any CPU
		Release|Any CPU = Release|Any CPU
	EndGlobalSection
	GlobalSection(ProjectConfigurationPlatforms) = postSolution
		{B70AD9A1-004E-43E4-9AA1-E8206305F47F}.Debug|Any CPU.ActiveCfg = Debug|Any CPU
		{B70AD9A1-004E-43E4-9AA1-E8206305F47F}.Debug|Any CPU.Build.0 = Debug|Any CPU
		{B70AD9A1-004E-43E4-9AA1-E8206305F47F}.Release|Any CPU.ActiveCfg = Release|Any CPU
		{B70AD9A1-004E-43E4-9AA1-E8206305F47F}.Release|Any CPU.Build.0 = Release|Any CPU
	EndGlobalSection
	GlobalSection(SolutionProperties) = preSolution
		HideSolutionNode = FALSE
	EndGlobalSection
	GlobalSection(ExtensibilityGlobals) = postSolution
		SolutionGuid = {D9F4ADAE-F69E-4378-AB9A-0EBE55F5A00A}
	EndGlobalSection
EndGlobal
